# This file was autogenerated by Stack.
# You should not edit this file by hand.
# For more information, please see the documentation at:
#   https://docs.haskellstack.org/en/stable/lock_files

packages:
- completed:
    hackage: hakyll-4.12.5.2@sha256:435eec729639a4bf0d58f3c7c71929600f4130f10241275d5e7df856cc8aae90,8677
    pantry-tree:
      size: 7631
      sha256: bd0cbe9051fae2b109d4b8955fd55a710b61c5dfd8b132d444c72c8f9e65c855
  original:
    hackage: hakyll-4.12.5.2@sha256:435eec729639a4bf0d58f3c7c71929600f4130f10241275d5e7df856cc8aae90,8677
- completed:
    hackage: hakyll-sass-0.2.4@sha256:4d2fbd8b63f5ef15483fc6dda09e10eefd63b4f873ad38dec2a3607eb504a8ba,939
    pantry-tree:
      size: 217
      sha256: c03e74e71d010f009b8d972efc31fbd6dd25183e6d9afbec55f4b7f0d4a74b47
  original:
    hackage: hakyll-sass-0.2.4@sha256:4d2fbd8b63f5ef15483fc6dda09e10eefd63b4f873ad38dec2a3607eb504a8ba,939
snapshots:
- completed:
    size: 513868
    url: https://raw.githubusercontent.com/commercialhaskell/stackage-snapshots/master/nightly/2019/6/27.yaml
    sha256: 23d30f916b373155b844976206a784d455ef4561cdc83b5ea9ec339126f54bda
  original: nightly-2019-06-27
